
Microsoft Visual Studio Solution File, Format Version 12.00
# Visual Studio 2013
VisualStudioVersion = 12.0.31101.0
MinimumVisualStudioVersion = 10.0.40219.1
Project("{FAE04EC0-301F-11D3-BF4B-00C04F79EFBC}") = "Vprpr.Objects", "Objects/Vprpr.Objects.csproj", "{642C60FA-AB88-466E-AE69-28F17F76BDC4}"
EndProject
Project("{FAE04EC0-301F-11D3-BF4B-00C04F79EFBC}") = "Vprpr.ODataBackend", "ODataBackend/Vprpr.ODataBackend.csproj", "{1B9EE486-80F1-47EC-8994-5EB6F1AA83D5}"
EndProject
Global
	GlobalSection(SolutionConfigurationPlatforms) = preSolution
Debug|Any CPU = Debug|Any CPU
Release|Any CPU = Release|Any CPU
	EndGlobalSection
	GlobalSection(ProjectConfigurationPlatforms) = postSolution
		{642C60FA-AB88-466E-AE69-28F17F76BDC4}.Debug|Any CPU.ActiveCfg = Debug|Any CPU
		{642C60FA-AB88-466E-AE69-28F17F76BDC4}.Debug|Any CPU.Build.0 = Debug|Any CPU
		{642C60FA-AB88-466E-AE69-28F17F76BDC4}.Release|Any CPU.ActiveCfg = Release|Any CPU
		{642C60FA-AB88-466E-AE69-28F17F76BDC4}.Release|Any CPU.Build.0 = Release|Any CPU
		{1B9EE486-80F1-47EC-8994-5EB6F1AA83D5}.Debug|Any CPU.ActiveCfg = Debug|Any CPU
		{1B9EE486-80F1-47EC-8994-5EB6F1AA83D5}.Debug|Any CPU.Build.0 = Debug|Any CPU
		{1B9EE486-80F1-47EC-8994-5EB6F1AA83D5}.Release|Any CPU.ActiveCfg = Release|Any CPU
		{1B9EE486-80F1-47EC-8994-5EB6F1AA83D5}.Release|Any CPU.Build.0 = Release|Any CPU
	EndGlobalSection
	GlobalSection(SolutionProperties) = preSolution
		HideSolutionNode = FALSE
	EndGlobalSection
EndGlobal
